
Microsoft Visual Studio Solution File, Format Version 12.00
# Visual Studio Version 17
VisualStudioVersion = 17.8.34316.72
MinimumVisualStudioVersion = 10.0.40219.1
Project("{9A19103F-16F7-4668-BE54-9A1E7A4F7556}") = "OnlineCourse.UI", "Online_Kurs_Platformu\OnlineCourse.UI.csproj", "{F768584A-CE7C-4968-AF4E-070CFDA0403A}"
EndProject
Project("{FAE04EC0-301F-11D3-BF4B-00C04F79EFBC}") = "OnlineCourse.Api", "OnlineCourse.Api\OnlineCourse.Api.csproj", "{B7D1F1F7-83E6-4CCA-9200-A911E8BE2A9B}"
EndProject
Global
	GlobalSection(SolutionConfigurationPlatforms) = preSolution
		Debug|Any CPU = Debug|Any CPU
		Release|Any CPU = Release|Any CPU
	EndGlobalSection
	GlobalSection(ProjectConfigurationPlatforms) = postSolution
		{F768584A-CE7C-4968-AF4E-070CFDA0403A}.Debug|Any CPU.ActiveCfg = Debug|Any CPU
		{F768584A-CE7C-4968-AF4E-070CFDA0403A}.Debug|Any CPU.Build.0 = Debug|Any CPU
		{F768584A-CE7C-4968-AF4E-070CFDA0403A}.Release|Any CPU.ActiveCfg = Release|Any CPU
		{F768584A-CE7C-4968-AF4E-070CFDA0403A}.Release|Any CPU.Build.0 = Release|Any CPU
		{B7D1F1F7-83E6-4CCA-9200-A911E8BE2A9B}.Debug|Any CPU.ActiveCfg = Debug|Any CPU
		{B7D1F1F7-83E6-4CCA-9200-A911E8BE2A9B}.Debug|Any CPU.Build.0 = Debug|Any CPU
		{B7D1F1F7-83E6-4CCA-9200-A911E8BE2A9B}.Release|Any CPU.ActiveCfg = Release|Any CPU
		{B7D1F1F7-83E6-4CCA-9200-A911E8BE2A9B}.Release|Any CPU.Build.0 = Release|Any CPU
	EndGlobalSection
	GlobalSection(SolutionProperties) = preSolution
		HideSolutionNode = FALSE
	EndGlobalSection
	GlobalSection(ExtensibilityGlobals) = postSolution
		SolutionGuid = {B198CC77-80D0-4EAD-BBF1-EC6C3C9D4C07}
	EndGlobalSection
EndGlobal
