
Microsoft Visual Studio Solution File, Format Version 12.00
# Visual Studio Version 16
VisualStudioVersion = 16.0.31424.327
MinimumVisualStudioVersion = 10.0.40219.1
Project("{FAE04EC0-301F-11D3-BF4B-00C04F79EFBC}") = "Online_Kurs_Platformu", "Online_Kurs_Platformu\Online_Kurs_Platformu.csproj", "{F768584A-CE7C-4968-AF4E-070CFDA0403A}"
EndProject
Global
	GlobalSection(SolutionConfigurationPlatforms) = preSolution
		Debug|Any CPU = Debug|Any CPU
		Release|Any CPU = Release|Any CPU
	EndGlobalSection
	GlobalSection(ProjectConfigurationPlatforms) = postSolution
		{F768584A-CE7C-4968-AF4E-070CFDA0403A}.Debug|Any CPU.ActiveCfg = Debug|Any CPU
		{F768584A-CE7C-4968-AF4E-070CFDA0403A}.Debug|Any CPU.Build.0 = Debug|Any CPU
		{F768584A-CE7C-4968-AF4E-070CFDA0403A}.Release|Any CPU.ActiveCfg = Release|Any CPU
		{F768584A-CE7C-4968-AF4E-070CFDA0403A}.Release|Any CPU.Build.0 = Release|Any CPU
	EndGlobalSection
	GlobalSection(SolutionProperties) = preSolution
		HideSolutionNode = FALSE
	EndGlobalSection
	GlobalSection(ExtensibilityGlobals) = postSolution
		SolutionGuid = {B198CC77-80D0-4EAD-BBF1-EC6C3C9D4C07}
	EndGlobalSection
EndGlobal
